
Microsoft Visual Studio Solution File, Format Version 10.00
# Visual Studio 2008
Project("{FAE04EC0-301F-11D3-BF4B-00C04F79EFBC}") = "Golem.Core", "Golem.Core\Golem.Core.csproj", "{267A8DF5-2B11-470E-8878-BE6E7244B713}"
EndProject
Project("{FAE04EC0-301F-11D3-BF4B-00C04F79EFBC}") = "Golem.Test", "Golem.Test\Golem.Test.csproj", "{30A6D3AC-8EB8-428F-9C1E-5131643F7EBF}"
EndProject
Project("{FAE04EC0-301F-11D3-BF4B-00C04F79EFBC}") = "Golem.Runner", "Golem.Runner\Golem.Runner.csproj", "{AE3B1280-28A3-4E92-8970-DE3168A18676}"
EndProject
Project("{FAE04EC0-301F-11D3-BF4B-00C04F79EFBC}") = "Golem.Build", "Golem.Build\Golem.Build.csproj", "{9F3F3B09-AB90-42E0-B099-81E8BB505954}"
EndProject
Global
	GlobalSection(SolutionConfigurationPlatforms) = preSolution
		Debug|Any CPU = Debug|Any CPU
		Release|Any CPU = Release|Any CPU
	EndGlobalSection
	GlobalSection(ProjectConfigurationPlatforms) = postSolution
		{267A8DF5-2B11-470E-8878-BE6E7244B713}.Debug|Any CPU.ActiveCfg = Debug|Any CPU
		{267A8DF5-2B11-470E-8878-BE6E7244B713}.Debug|Any CPU.Build.0 = Debug|Any CPU
		{267A8DF5-2B11-470E-8878-BE6E7244B713}.Release|Any CPU.ActiveCfg = Release|Any CPU
		{267A8DF5-2B11-470E-8878-BE6E7244B713}.Release|Any CPU.Build.0 = Release|Any CPU
		{30A6D3AC-8EB8-428F-9C1E-5131643F7EBF}.Debug|Any CPU.ActiveCfg = Debug|Any CPU
		{30A6D3AC-8EB8-428F-9C1E-5131643F7EBF}.Debug|Any CPU.Build.0 = Debug|Any CPU
		{30A6D3AC-8EB8-428F-9C1E-5131643F7EBF}.Release|Any CPU.ActiveCfg = Release|Any CPU
		{30A6D3AC-8EB8-428F-9C1E-5131643F7EBF}.Release|Any CPU.Build.0 = Release|Any CPU
		{AE3B1280-28A3-4E92-8970-DE3168A18676}.Debug|Any CPU.ActiveCfg = Debug|Any CPU
		{AE3B1280-28A3-4E92-8970-DE3168A18676}.Debug|Any CPU.Build.0 = Debug|Any CPU
		{AE3B1280-28A3-4E92-8970-DE3168A18676}.Release|Any CPU.ActiveCfg = Release|Any CPU
		{AE3B1280-28A3-4E92-8970-DE3168A18676}.Release|Any CPU.Build.0 = Release|Any CPU
		{9F3F3B09-AB90-42E0-B099-81E8BB505954}.Debug|Any CPU.ActiveCfg = Debug|Any CPU
		{9F3F3B09-AB90-42E0-B099-81E8BB505954}.Debug|Any CPU.Build.0 = Debug|Any CPU
		{9F3F3B09-AB90-42E0-B099-81E8BB505954}.Release|Any CPU.ActiveCfg = Release|Any CPU
		{9F3F3B09-AB90-42E0-B099-81E8BB505954}.Release|Any CPU.Build.0 = Release|Any CPU
	EndGlobalSection
	GlobalSection(SolutionProperties) = preSolution
		HideSolutionNode = FALSE
	EndGlobalSection
EndGlobal
